
Microsoft Visual Studio Solution File, Format Version 12.00
# Visual Studio 15
VisualStudioVersion = 15.0.28010.2050
MinimumVisualStudioVersion = 10.0.40219.1
Project("{FAE04EC0-301F-11D3-BF4B-00C04F79EFBC}") = "AppPeopleCarTransport", "UserLogin\AppPeopleCarTransport.csproj", "{7ED6755D-FC05-4DC1-8F5E-BAD5D4AA325E}"
EndProject
Global
	GlobalSection(SolutionConfigurationPlatforms) = preSolution
		Debug|Any CPU = Debug|Any CPU
		Release|Any CPU = Release|Any CPU
	EndGlobalSection
	GlobalSection(ProjectConfigurationPlatforms) = postSolution
		{7ED6755D-FC05-4DC1-8F5E-BAD5D4AA325E}.Debug|Any CPU.ActiveCfg = Debug|Any CPU
		{7ED6755D-FC05-4DC1-8F5E-BAD5D4AA325E}.Debug|Any CPU.Build.0 = Debug|Any CPU
		{7ED6755D-FC05-4DC1-8F5E-BAD5D4AA325E}.Release|Any CPU.ActiveCfg = Release|Any CPU
		{7ED6755D-FC05-4DC1-8F5E-BAD5D4AA325E}.Release|Any CPU.Build.0 = Release|Any CPU
	EndGlobalSection
	GlobalSection(SolutionProperties) = preSolution
		HideSolutionNode = FALSE
	EndGlobalSection
	GlobalSection(ExtensibilityGlobals) = postSolution
		SolutionGuid = {FEFD5ACB-DE39-4C80-82AF-FE52A34FBF54}
	EndGlobalSection
EndGlobal
